Microsoft Visual Studio Solution File, Format Version 12.00
# Visual Studio Version 17
VisualStudioVersion = 17.0.31903.59
MinimumVisualStudioVersion = 10.0.40219.1
Project("{FAE04EC0-301F-11D3-BF4B-00C04F79EFBC}") = "TimelineNoticeEditor", "src\TimelineNoticeEditor\TimelineNoticeEditor.csproj", "{E80B3CF4-6DA4-49C4-A0AE-4CE95973B43B}"
EndProject
Project("{FAE04EC0-301F-11D3-BF4B-00C04F79EFBC}") = "TimelineNoticeEditor.Tests", "tests\TimelineNoticeEditor.Tests\TimelineNoticeEditor.Tests.csproj", "{DD34D4D9-B254-4860-8491-B5EC54F53BDB}"
EndProject
Project("{FAE04EC0-301F-11D3-BF4B-00C04F79EFBC}") = "TimelineNoticeEditor.Updater", "src\TimelineNoticeEditor.Updater\TimelineNoticeEditor.Updater.csproj", "{9C89FF05-4B40-4701-82FC-196021FF2044}"
EndProject
Global
	GlobalSection(SolutionConfigurationPlatforms) = preSolution
		Debug|Any CPU = Debug|Any CPU
		Release|Any CPU = Release|Any CPU
	EndGlobalSection
	GlobalSection(ProjectConfigurationPlatforms) = postSolution
		{E80B3CF4-6DA4-49C4-A0AE-4CE95973B43B}.Debug|Any CPU.ActiveCfg = Debug|Any CPU
		{E80B3CF4-6DA4-49C4-A0AE-4CE95973B43B}.Debug|Any CPU.Build.0 = Debug|Any CPU
		{E80B3CF4-6DA4-49C4-A0AE-4CE95973B43B}.Release|Any CPU.ActiveCfg = Release|Any CPU
		{E80B3CF4-6DA4-49C4-A0AE-4CE95973B43B}.Release|Any CPU.Build.0 = Release|Any CPU
		{DD34D4D9-B254-4860-8491-B5EC54F53BDB}.Debug|Any CPU.ActiveCfg = Debug|Any CPU
		{DD34D4D9-B254-4860-8491-B5EC54F53BDB}.Debug|Any CPU.Build.0 = Debug|Any CPU
		{DD34D4D9-B254-4860-8491-B5EC54F53BDB}.Release|Any CPU.ActiveCfg = Release|Any CPU
		{DD34D4D9-B254-4860-8491-B5EC54F53BDB}.Release|Any CPU.Build.0 = Release|Any CPU
		{9C89FF05-4B40-4701-82FC-196021FF2044}.Debug|Any CPU.ActiveCfg = Debug|Any CPU
		{9C89FF05-4B40-4701-82FC-196021FF2044}.Debug|Any CPU.Build.0 = Debug|Any CPU
		{9C89FF05-4B40-4701-82FC-196021FF2044}.Release|Any CPU.ActiveCfg = Release|Any CPU
		{9C89FF05-4B40-4701-82FC-196021FF2044}.Release|Any CPU.Build.0 = Release|Any CPU
	EndGlobalSection
EndGlobal
